// !$*UTF8*$!
{
	archiveVersion = 1;
	classes = {
	};
	objectVersion = 46;
	objects = {

/* Begin PBXBuildFile section */
		0A4CA7461D14C01400BC8619 /* main.c in Sources */ = {isa = PBXBuildFile; fileRef = 0A4CA7451D14C01400BC8619 /* main.c */; };
		0A4CA74D1D14C03200BC8619 /* lex.l in Sources */ = {isa = PBXBuildFile; fileRef = 0A4CA74C1D14C03200BC8619 /* lex.l */; };
		0A4CA74F1D14C03900BC8619 /* parser.y in Sources */ = {isa = PBXBuildFile; fileRef = 0A4CA74E1D14C03900BC8619 /* parser.y */; };
		0A4CA7551D14C5A200BC8619 /* test.s in CopyFiles */ = {isa = PBXBuildFile; fileRef = 0A4CA7531D14C43A00BC8619 /* test.s */; };
		0A4CA7571D14C66700BC8619 /* libglib-2.0.0.dylib in Frameworks */ = {isa = PBXBuildFile; fileRef = 0A4CA7561D14C66700BC8619 /* libglib-2.0.0.dylib */; };
		0A4CA75A1D14C70B00BC8619 /* instruction.c in Sources */ = {isa = PBXBuildFile; fileRef = 0A4CA7581D14C70B00BC8619 /* instruction.c */; };
		0A83EABE1D2099340014DF78 /* test_instruction.c in Sources */ = {isa = PBXBuildFile; fileRef = 0A83EABA1D2099340014DF78 /* test_instruction.c */; };
		0A83EABF1D2099340014DF78 /* unity.c in Sources */ = {isa = PBXBuildFile; fileRef = 0A83EABC1D2099340014DF78 /* unity.c */; };
		0A83EAC11D209A810014DF78 /* testing_main.c in Sources */ = {isa = PBXBuildFile; fileRef = 0A83EAC01D209A810014DF78 /* testing_main.c */; };
		0A83EAC41D209C240014DF78 /* instruction.c in Sources */ = {isa = PBXBuildFile; fileRef = 0A4CA7581D14C70B00BC8619 /* instruction.c */; };
		0A83EAC51D209C500014DF78 /* libglib-2.0.0.dylib in Frameworks */ = {isa = PBXBuildFile; fileRef = 0A4CA7561D14C66700BC8619 /* libglib-2.0.0.dylib */; };
		0A83EAC81D21BA340014DF78 /* test_main.c in Sources */ = {isa = PBXBuildFile; fileRef = 0A83EAC61D21BA340014DF78 /* test_main.c */; };
		0A83EAC91D21BA7C0014DF78 /* main.c in Sources */ = {isa = PBXBuildFile; fileRef = 0A4CA7451D14C01400BC8619 /* main.c */; };
		0A83EACC1D2306AA0014DF78 /* label.c in Sources */ = {isa = PBXBuildFile; fileRef = 0A83EACA1D2306AA0014DF78 /* label.c */; };
		0A83EACD1D23140B0014DF78 /* label.c in Sources */ = {isa = PBXBuildFile; fileRef = 0A83EACA1D2306AA0014DF78 /* label.c */; };
		0A83EAD01D232BB60014DF78 /* test_label.c in Sources */ = {isa = PBXBuildFile; fileRef = 0A83EACE1D232BB60014DF78 /* test_label.c */; };
/* End PBXBuildFile section */

/* Begin PBXBuildRule section */
		0A4CA7601D18375700BC8619 /* PBXBuildRule */ = {
			isa = PBXBuildRule;
			compilerSpec = com.apple.compilers.proxy.script;
			fileType = sourcecode.yacc;
			isEditable = 1;
			outputFiles = (
				"${DERIVED_FILE_DIR}/${INPUT_FILE_BASE}.c",
				"${DERIVED_FILE_DIR}/${INPUT_FILE_BASE}.h",
			);
			script = "# $(YACC)\n/usr/bin/bison -d -o ${DERIVED_FILE_DIR}/${INPUT_FILE_BASE}.c ${INPUT_FILE_PATH}";
		};
		0A83EA6C1D2065D00014DF78 /* PBXBuildRule */ = {
			isa = PBXBuildRule;
			compilerSpec = com.apple.compilers.proxy.script;
			fileType = pattern.proxy;
			isEditable = 1;
			outputFiles = (
			);
		};
/* End PBXBuildRule section */

/* Begin PBXCopyFilesBuildPhase section */
		0A4CA7401D14C01400BC8619 /* CopyFiles */ = {
			isa = PBXCopyFilesBuildPhase;
			buildActionMask = 12;
			dstPath = "";
			dstSubfolderSpec = 16;
			files = (
				0A4CA7551D14C5A200BC8619 /* test.s in CopyFiles */,
			);
			runOnlyForDeploymentPostprocessing = 0;
		};
		0A83EAB11D2099260014DF78 /* CopyFiles */ = {
			isa = PBXCopyFilesBuildPhase;
			buildActionMask = 2147483647;
			dstPath = /usr/share/man/man1/;
			dstSubfolderSpec = 0;
			files = (
			);
			runOnlyForDeploymentPostprocessing = 1;
		};
/* End PBXCopyFilesBuildPhase section */

/* Begin PBXFileReference section */
		0A4CA7421D14C01400BC8619 /* d16-asm */ = {isa = PBXFileReference; explicitFileType = "compiled.mach-o.executable"; includeInIndex = 0; path = "d16-asm"; sourceTree = BUILT_PRODUCTS_DIR; };
		0A4CA7451D14C01400BC8619 /* main.c */ = {isa = PBXFileReference; lastKnownFileType = sourcecode.c.c; path = main.c; sourceTree = "<group>"; };
		0A4CA74C1D14C03200BC8619 /* lex.l */ = {isa = PBXFileReference; fileEncoding = 4; lastKnownFileType = sourcecode.lex; path = lex.l; sourceTree = "<group>"; };
		0A4CA74E1D14C03900BC8619 /* parser.y */ = {isa = PBXFileReference; fileEncoding = 4; lastKnownFileType = sourcecode.yacc; path = parser.y; sourceTree = "<group>"; };
		0A4CA7501D14C0D600BC8619 /* main.h */ = {isa = PBXFileReference; lastKnownFileType = sourcecode.c.h; path = main.h; sourceTree = "<group>"; };
		0A4CA7531D14C43A00BC8619 /* test.s */ = {isa = PBXFileReference; fileEncoding = 4; lastKnownFileType = sourcecode.asm; path = test.s; sourceTree = "<group>"; };
		0A4CA7561D14C66700BC8619 /* libglib-2.0.0.dylib */ = {isa = PBXFileReference; lastKnownFileType = "compiled.mach-o.dylib"; name = "libglib-2.0.0.dylib"; path = "../../../../../../usr/local/Cellar/glib/2.46.2/lib/libglib-2.0.0.dylib"; sourceTree = "<group>"; };
		0A4CA7581D14C70B00BC8619 /* instruction.c */ = {isa = PBXFileReference; fileEncoding = 4; lastKnownFileType = sourcecode.c.c; path = instruction.c; sourceTree = "<group>"; };
		0A4CA7591D14C70B00BC8619 /* instruction.h */ = {isa = PBXFileReference; fileEncoding = 4; lastKnownFileType = sourcecode.c.h; path = instruction.h; sourceTree = "<group>"; };
		0A4CA75D1D1620F400BC8619 /* configure.ac */ = {isa = PBXFileReference; fileEncoding = 4; lastKnownFileType = text; path = configure.ac; sourceTree = "<group>"; };
		0A4CA75F1D16230C00BC8619 /* Makefile.am */ = {isa = PBXFileReference; fileEncoding = 4; lastKnownFileType = text; path = Makefile.am; sourceTree = "<group>"; };
		0A83EAB31D2099260014DF78 /* d16-tests */ = {isa = PBXFileReference; explicitFileType = "compiled.mach-o.executable"; includeInIndex = 0; path = "d16-tests"; sourceTree = BUILT_PRODUCTS_DIR; };
		0A83EABA1D2099340014DF78 /* test_instruction.c */ = {isa = PBXFileReference; fileEncoding = 4; lastKnownFileType = sourcecode.c.c; path = test_instruction.c; sourceTree = "<group>"; };
		0A83EABB1D2099340014DF78 /* unity_internals.h */ = {isa = PBXFileReference; fileEncoding = 4; lastKnownFileType = sourcecode.c.h; path = unity_internals.h; sourceTree = "<group>"; };
		0A83EABC1D2099340014DF78 /* unity.c */ = {isa = PBXFileReference; fileEncoding = 4; lastKnownFileType = sourcecode.c.c; path = unity.c; sourceTree = "<group>"; };
		0A83EABD1D2099340014DF78 /* unity.h */ = {isa = PBXFileReference; fileEncoding = 4; lastKnownFileType = sourcecode.c.h; path = unity.h; sourceTree = "<group>"; };
		0A83EAC01D209A810014DF78 /* testing_main.c */ = {isa = PBXFileReference; fileEncoding = 4; lastKnownFileType = sourcecode.c.c; path = testing_main.c; sourceTree = "<group>"; };
		0A83EAC21D209AB00014DF78 /* test_instruction.h */ = {isa = PBXFileReference; fileEncoding = 4; lastKnownFileType = sourcecode.c.h; path = test_instruction.h; sourceTree = "<group>"; };
		0A83EAC61D21BA340014DF78 /* test_main.c */ = {isa = PBXFileReference; fileEncoding = 4; lastKnownFileType = sourcecode.c.c; path = test_main.c; sourceTree = "<group>"; };
		0A83EAC71D21BA340014DF78 /* test_main.h */ = {isa = PBXFileReference; fileEncoding = 4; lastKnownFileType = sourcecode.c.h; path = test_main.h; sourceTree = "<group>"; };
		0A83EACA1D2306AA0014DF78 /* label.c */ = {isa = PBXFileReference; fileEncoding = 4; lastKnownFileType = sourcecode.c.c; path = label.c; sourceTree = "<group>"; };
		0A83EACB1D2306AA0014DF78 /* label.h */ = {isa = PBXFileReference; fileEncoding = 4; lastKnownFileType = sourcecode.c.h; path = label.h; sourceTree = "<group>"; };
		0A83EACE1D232BB60014DF78 /* test_label.c */ = {isa = PBXFileReference; fileEncoding = 4; lastKnownFileType = sourcecode.c.c; path = test_label.c; sourceTree = "<group>"; };
		0A83EACF1D232BB60014DF78 /* test_label.h */ = {isa = PBXFileReference; fileEncoding = 4; lastKnownFileType = sourcecode.c.h; path = test_label.h; sourceTree = "<group>"; };
/* End PBXFileReference section */

/* Begin PBXFrameworksBuildPhase section */
		0A4CA73F1D14C01400BC8619 /* Frameworks */ = {
			isa = PBXFrameworksBuildPhase;
			buildActionMask = 2147483647;
			files = (
				0A4CA7571D14C66700BC8619 /* libglib-2.0.0.dylib in Frameworks */,
			);
			runOnlyForDeploymentPostprocessing = 0;
		};
		0A83EAB01D2099260014DF78 /* Frameworks */ = {
			isa = PBXFrameworksBuildPhase;
			buildActionMask = 2147483647;
			files = (
				0A83EAC51D209C500014DF78 /* libglib-2.0.0.dylib in Frameworks */,
			);
			runOnlyForDeploymentPostprocessing = 0;
		};
/* End PBXFrameworksBuildPhase section */

/* Begin PBXGroup section */
		0A4CA7391D14C01400BC8619 = {
			isa = PBXGroup;
			children = (
				0A4CA7561D14C66700BC8619 /* libglib-2.0.0.dylib */,
				0A4CA7441D14C01400BC8619 /* d16-asm */,
				0A83EAB41D2099260014DF78 /* d16-tests */,
				0A4CA7431D14C01400BC8619 /* Products */,
			);
			sourceTree = "<group>";
		};
		0A4CA7431D14C01400BC8619 /* Products */ = {
			isa = PBXGroup;
			children = (
				0A4CA7421D14C01400BC8619 /* d16-asm */,
				0A83EAB31D2099260014DF78 /* d16-tests */,
			);
			name = Products;
			sourceTree = "<group>";
		};
		0A4CA7441D14C01400BC8619 /* d16-asm */ = {
			isa = PBXGroup;
			children = (
				0A4CA7451D14C01400BC8619 /* main.c */,
				0A4CA7501D14C0D600BC8619 /* main.h */,
				0A4CA74C1D14C03200BC8619 /* lex.l */,
				0A4CA74E1D14C03900BC8619 /* parser.y */,
				0A4CA7531D14C43A00BC8619 /* test.s */,
				0A4CA7581D14C70B00BC8619 /* instruction.c */,
				0A4CA7591D14C70B00BC8619 /* instruction.h */,
				0A4CA75D1D1620F400BC8619 /* configure.ac */,
				0A4CA75F1D16230C00BC8619 /* Makefile.am */,
				0A83EACA1D2306AA0014DF78 /* label.c */,
				0A83EACB1D2306AA0014DF78 /* label.h */,
			);
			path = "d16-asm";
			sourceTree = "<group>";
		};
		0A83EAB41D2099260014DF78 /* d16-tests */ = {
			isa = PBXGroup;
			children = (
				0A83EABA1D2099340014DF78 /* test_instruction.c */,
				0A83EAC21D209AB00014DF78 /* test_instruction.h */,
				0A83EABB1D2099340014DF78 /* unity_internals.h */,
				0A83EABC1D2099340014DF78 /* unity.c */,
				0A83EABD1D2099340014DF78 /* unity.h */,
				0A83EAC01D209A810014DF78 /* testing_main.c */,
				0A83EAC61D21BA340014DF78 /* test_main.c */,
				0A83EAC71D21BA340014DF78 /* test_main.h */,
				0A83EACE1D232BB60014DF78 /* test_label.c */,
				0A83EACF1D232BB60014DF78 /* test_label.h */,
			);
			path = "d16-tests";
			sourceTree = "<group>";
		};
/* End PBXGroup section */

/* Begin PBXNativeTarget section */
		0A4CA7411D14C01400BC8619 /* d16-asm */ = {
			isa = PBXNativeTarget;
			buildConfigurationList = 0A4CA7491D14C01400BC8619 /* Build configuration list for PBXNativeTarget "d16-asm" */;
			buildPhases = (
				0A4CA73E1D14C01400BC8619 /* Sources */,
				0A4CA73F1D14C01400BC8619 /* Frameworks */,
				0A4CA7401D14C01400BC8619 /* CopyFiles */,
			);
			buildRules = (
				0A83EA6C1D2065D00014DF78 /* PBXBuildRule */,
				0A4CA7601D18375700BC8619 /* PBXBuildRule */,
			);
			dependencies = (
			);
			name = "d16-asm";
			productName = "d16-asm";
			productReference = 0A4CA7421D14C01400BC8619 /* d16-asm */;
			productType = "com.apple.product-type.tool";
		};
		0A83EAB21D2099260014DF78 /* d16-tests */ = {
			isa = PBXNativeTarget;
			buildConfigurationList = 0A83EAB71D2099260014DF78 /* Build configuration list for PBXNativeTarget "d16-tests" */;
			buildPhases = (
				0A83EAAF1D2099260014DF78 /* Sources */,
				0A83EAB01D2099260014DF78 /* Frameworks */,
				0A83EAB11D2099260014DF78 /* CopyFiles */,
			);
			buildRules = (
			);
			dependencies = (
			);
			name = "d16-tests";
			productName = "d16-tests";
			productReference = 0A83EAB31D2099260014DF78 /* d16-tests */;
			productType = "com.apple.product-type.tool";
		};
/* End PBXNativeTarget section */

/* Begin PBXProject section */
		0A4CA73A1D14C01400BC8619 /* Project object */ = {
			isa = PBXProject;
			attributes = {
				LastUpgradeCheck = 0730;
				ORGANIZATIONNAME = "Michael Nolan";
				TargetAttributes = {
					0A4CA7411D14C01400BC8619 = {
						CreatedOnToolsVersion = 7.3.1;
					};
					0A83EAB21D2099260014DF78 = {
						CreatedOnToolsVersion = 7.3.1;
					};
				};
			};
			buildConfigurationList = 0A4CA73D1D14C01400BC8619 /* Build configuration list for PBXProject "d16-asm" */;
			compatibilityVersion = "Xcode 3.2";
			developmentRegion = English;
			hasScannedForEncodings = 0;
			knownRegions = (
				en,
			);
			mainGroup = 0A4CA7391D14C01400BC8619;
			productRefGroup = 0A4CA7431D14C01400BC8619 /* Products */;
			projectDirPath = "";
			projectRoot = "";
			targets = (
				0A4CA7411D14C01400BC8619 /* d16-asm */,
				0A83EAB21D2099260014DF78 /* d16-tests */,
			);
		};
/* End PBXProject section */

/* Begin PBXSourcesBuildPhase section */
		0A4CA73E1D14C01400BC8619 /* Sources */ = {
			isa = PBXSourcesBuildPhase;
			buildActionMask = 2147483647;
			files = (
				0A83EACC1D2306AA0014DF78 /* label.c in Sources */,
				0A4CA75A1D14C70B00BC8619 /* instruction.c in Sources */,
				0A4CA74F1D14C03900BC8619 /* parser.y in Sources */,
				0A4CA74D1D14C03200BC8619 /* lex.l in Sources */,
				0A4CA7461D14C01400BC8619 /* main.c in Sources */,
			);
			runOnlyForDeploymentPostprocessing = 0;
		};
		0A83EAAF1D2099260014DF78 /* Sources */ = {
			isa = PBXSourcesBuildPhase;
			buildActionMask = 2147483647;
			files = (
				0A83EACD1D23140B0014DF78 /* label.c in Sources */,
				0A83EAC91D21BA7C0014DF78 /* main.c in Sources */,
				0A83EAC41D209C240014DF78 /* instruction.c in Sources */,
				0A83EABE1D2099340014DF78 /* test_instruction.c in Sources */,
				0A83EAD01D232BB60014DF78 /* test_label.c in Sources */,
				0A83EABF1D2099340014DF78 /* unity.c in Sources */,
				0A83EAC11D209A810014DF78 /* testing_main.c in Sources */,
				0A83EAC81D21BA340014DF78 /* test_main.c in Sources */,
			);
			runOnlyForDeploymentPostprocessing = 0;
		};
/* End PBXSourcesBuildPhase section */

/* Begin XCBuildConfiguration section */
		0A4CA7471D14C01400BC8619 /* Debug */ = {
			isa = XCBuildConfiguration;
			buildSettings = {
				ALWAYS_SEARCH_USER_PATHS = NO;
				CLANG_ANALYZER_NONNULL = YES;
				CLANG_CXX_LANGUAGE_STANDARD = "gnu++0x";
				CLANG_CXX_LIBRARY = "libc++";
				CLANG_ENABLE_MODULES = YES;
				CLANG_ENABLE_OBJC_ARC = YES;
				CLANG_WARN_BOOL_CONVERSION = YES;
				CLANG_WARN_CONSTANT_CONVERSION = YES;
				CLANG_WARN_DIRECT_OBJC_ISA_USAGE = YES_ERROR;
				CLANG_WARN_EMPTY_BODY = YES;
				CLANG_WARN_ENUM_CONVERSION = YES;
				CLANG_WARN_INT_CONVERSION = YES;
				CLANG_WARN_OBJC_ROOT_CLASS = YES_ERROR;
				CLANG_WARN_UNREACHABLE_CODE = YES;
				CLANG_WARN__DUPLICATE_METHOD_MATCH = YES;
				CODE_SIGN_IDENTITY = "-";
				COPY_PHASE_STRIP = NO;
				DEBUG_INFORMATION_FORMAT = dwarf;
				ENABLE_STRICT_OBJC_MSGSEND = YES;
				ENABLE_TESTABILITY = YES;
				GCC_C_LANGUAGE_STANDARD = gnu99;
				GCC_DYNAMIC_NO_PIC = NO;
				GCC_NO_COMMON_BLOCKS = YES;
				GCC_OPTIMIZATION_LEVEL = 0;
				GCC_PREPROCESSOR_DEFINITIONS = (
					"DEBUG=1",
					"$(inherited)",
				);
				GCC_WARN_64_TO_32_BIT_CONVERSION = YES;
				GCC_WARN_ABOUT_RETURN_TYPE = YES_ERROR;
				GCC_WARN_UNDECLARED_SELECTOR = YES;
				GCC_WARN_UNINITIALIZED_AUTOS = YES_AGGRESSIVE;
				GCC_WARN_UNUSED_FUNCTION = YES;
				GCC_WARN_UNUSED_VARIABLE = YES;
				MACOSX_DEPLOYMENT_TARGET = 10.11;
				MTL_ENABLE_DEBUG_INFO = YES;
				ONLY_ACTIVE_ARCH = YES;
				SDKROOT = macosx;
			};
			name = Debug;
		};
		0A4CA7481D14C01400BC8619 /* Release */ = {
			isa = XCBuildConfiguration;
			buildSettings = {
				ALWAYS_SEARCH_USER_PATHS = NO;
				CLANG_ANALYZER_NONNULL = YES;
				CLANG_CXX_LANGUAGE_STANDARD = "gnu++0x";
				CLANG_CXX_LIBRARY = "libc++";
				CLANG_ENABLE_MODULES = YES;
				CLANG_ENABLE_OBJC_ARC = YES;
				CLANG_WARN_BOOL_CONVERSION = YES;
				CLANG_WARN_CONSTANT_CONVERSION = YES;
				CLANG_WARN_DIRECT_OBJC_ISA_USAGE = YES_ERROR;
				CLANG_WARN_EMPTY_BODY = YES;
				CLANG_WARN_ENUM_CONVERSION = YES;
				CLANG_WARN_INT_CONVERSION = YES;
				CLANG_WARN_OBJC_ROOT_CLASS = YES_ERROR;
				CLANG_WARN_UNREACHABLE_CODE = YES;
				CLANG_WARN__DUPLICATE_METHOD_MATCH = YES;
				CODE_SIGN_IDENTITY = "-";
				COPY_PHASE_STRIP = NO;
				DEBUG_INFORMATION_FORMAT = "dwarf-with-dsym";
				ENABLE_NS_ASSERTIONS = NO;
				ENABLE_STRICT_OBJC_MSGSEND = YES;
				GCC_C_LANGUAGE_STANDARD = gnu99;
				GCC_NO_COMMON_BLOCKS = YES;
				GCC_WARN_64_TO_32_BIT_CONVERSION = YES;
				GCC_WARN_ABOUT_RETURN_TYPE = YES_ERROR;
				GCC_WARN_UNDECLARED_SELECTOR = YES;
				GCC_WARN_UNINITIALIZED_AUTOS = YES_AGGRESSIVE;
				GCC_WARN_UNUSED_FUNCTION = YES;
				GCC_WARN_UNUSED_VARIABLE = YES;
				MACOSX_DEPLOYMENT_TARGET = 10.11;
				MTL_ENABLE_DEBUG_INFO = NO;
				SDKROOT = macosx;
			};
			name = Release;
		};
		0A4CA74A1D14C01400BC8619 /* Debug */ = {
			isa = XCBuildConfiguration;
			buildSettings = {
				HEADER_SEARCH_PATHS = (
					"/usr/local/Cellar/glib/2.46.2/lib/glib-2.0/include",
					"/usr/local/Cellar/glib/2.46.2/include/glib-2.0",
				);
				LIBRARY_SEARCH_PATHS = (
					"$(inherited)",
					/usr/local/Cellar/glib/2.46.2/lib,
				);
				PRODUCT_NAME = "$(TARGET_NAME)";
			};
			name = Debug;
		};
		0A4CA74B1D14C01400BC8619 /* Release */ = {
			isa = XCBuildConfiguration;
			buildSettings = {
				HEADER_SEARCH_PATHS = (
					"/usr/local/Cellar/glib/2.46.2/lib/glib-2.0/include",
					"/usr/local/Cellar/glib/2.46.2/include/glib-2.0",
				);
				LIBRARY_SEARCH_PATHS = (
					"$(inherited)",
					/usr/local/Cellar/glib/2.46.2/lib,
				);
				PRODUCT_NAME = "$(TARGET_NAME)";
			};
			name = Release;
		};
		0A83EAB81D2099260014DF78 /* Debug */ = {
			isa = XCBuildConfiguration;
			buildSettings = {
				HEADER_SEARCH_PATHS = (
					"/usr/local/Cellar/glib/2.46.2/lib/glib-2.0/include",
					"/usr/local/Cellar/glib/2.46.2/include/glib-2.0",
				);
				LIBRARY_SEARCH_PATHS = /usr/local/Cellar/glib/2.46.2/lib;
				OTHER_CFLAGS = "-DTESTING";
				PRODUCT_NAME = "$(TARGET_NAME)";
			};
			name = Debug;
		};
		0A83EAB91D2099260014DF78 /* Release */ = {
			isa = XCBuildConfiguration;
			buildSettings = {
				HEADER_SEARCH_PATHS = (
					"/usr/local/Cellar/glib/2.46.2/lib/glib-2.0/include",
					"/usr/local/Cellar/glib/2.46.2/include/glib-2.0",
				);
				LIBRARY_SEARCH_PATHS = /usr/local/Cellar/glib/2.46.2/lib;
				OTHER_CFLAGS = "-DTESTING";
				PRODUCT_NAME = "$(TARGET_NAME)";
			};
			name = Release;
		};
/* End XCBuildConfiguration section */

/* Begin XCConfigurationList section */
		0A4CA73D1D14C01400BC8619 /* Build configuration list for PBXProject "d16-asm" */ = {
			isa = XCConfigurationList;
			buildConfigurations = (
				0A4CA7471D14C01400BC8619 /* Debug */,
				0A4CA7481D14C01400BC8619 /* Release */,
			);
			defaultConfigurationIsVisible = 0;
			defaultConfigurationName = Release;
		};
		0A4CA7491D14C01400BC8619 /* Build configuration list for PBXNativeTarget "d16-asm" */ = {
			isa = XCConfigurationList;
			buildConfigurations = (
				0A4CA74A1D14C01400BC8619 /* Debug */,
				0A4CA74B1D14C01400BC8619 /* Release */,
			);
			defaultConfigurationIsVisible = 0;
			defaultConfigurationName = Release;
		};
		0A83EAB71D2099260014DF78 /* Build configuration list for PBXNativeTarget "d16-tests" */ = {
			isa = XCConfigurationList;
			buildConfigurations = (
				0A83EAB81D2099260014DF78 /* Debug */,
				0A83EAB91D2099260014DF78 /* Release */,
			);
			defaultConfigurationIsVisible = 0;
		};
/* End XCConfigurationList section */
	};
	rootObject = 0A4CA73A1D14C01400BC8619 /* Project object */;
}
